
Microsoft Visual Studio Solution File, Format Version 12.00
# Visual Studio Version 16
VisualStudioVersion = 16.0.32630.194
MinimumVisualStudioVersion = 10.0.40219.1
Project("{FAE04EC0-301F-11D3-BF4B-00C04F79EFBC}") = "FibonacciSeries", "FibonacciSeries.csproj", "{A2995291-0E17-419F-8500-29337C4F44B4}"
EndProject
Global
	GlobalSection(SolutionConfigurationPlatforms) = preSolution
		Debug|Any CPU = Debug|Any CPU
		Release|Any CPU = Release|Any CPU
	EndGlobalSection
	GlobalSection(ProjectConfigurationPlatforms) = postSolution
		{A2995291-0E17-419F-8500-29337C4F44B4}.Debug|Any CPU.ActiveCfg = Debug|Any CPU
		{A2995291-0E17-419F-8500-29337C4F44B4}.Debug|Any CPU.Build.0 = Debug|Any CPU
		{A2995291-0E17-419F-8500-29337C4F44B4}.Release|Any CPU.ActiveCfg = Release|Any CPU
		{A2995291-0E17-419F-8500-29337C4F44B4}.Release|Any CPU.Build.0 = Release|Any CPU
	EndGlobalSection
	GlobalSection(SolutionProperties) = preSolution
		HideSolutionNode = FALSE
	EndGlobalSection
	GlobalSection(ExtensibilityGlobals) = postSolution
		SolutionGuid = {C0C1DB79-1184-48E5-86B8-92E04BF86125}
	EndGlobalSection
EndGlobal
